PODS:
  - MagicalRecord (2.3.2):
    - MagicalRecord/Core (= 2.3.2)
  - MagicalRecord/Core (2.3.2)
  - ReachabilitySwift (5.0.0)
  - SDWebImage (5.12.0):
    - SDWebImage/Core (= 5.12.0)
  - SDWebImage/Core (5.12.0)
  - SwiftLint (0.46.1)

DEPENDENCIES:
  - MagicalRecord (= 2.3.2)
  - ReachabilitySwift (= 5.0.0)
  - SDWebImage (= 5.12.0)
  - SwiftLint (= 0.46.1)

SPEC REPOS:
  trunk:
    - MagicalRecord
    - ReachabilitySwift
    - SDWebImage
    - SwiftLint

SPEC CHECKSUMS:
  MagicalRecord: 53bed74b4323b930992a725be713e53b37d19755
  ReachabilitySwift: 985039c6f7b23a1da463388634119492ff86c825
  SDWebImage: 4ea20cca2986adc5aacde07aa686742fd4c67a37
  SwiftLint: aaa29a9f649316095a9079595cb60906bd899353

PODFILE CHECKSUM: 94ef67361e94369d87a0a04d3fb3febf14a9eb59

COCOAPODS: 1.11.2
